
Microsoft Visual Studio Solution File, Format Version 12.00
# Visual Studio 15
VisualStudioVersion = 15.0.27130.2027
MinimumVisualStudioVersion = 10.0.40219.1
Project("{FAE04EC0-301F-11D3-BF4B-00C04F79EFBC}") = "MNUCHANTIER", "MNUCHANTIER\MNUCHANTIER.csproj", "{9CBB13A0-9C77-4358-AD77-A7CAC5AAB2B4}"
EndProject
Global
	GlobalSection(SolutionConfigurationPlatforms) = preSolution
		Debug|ARM = Debug|ARM
		Debug|x64 = Debug|x64
		Debug|x86 = Debug|x86
		Release|ARM = Release|ARM
		Release|x64 = Release|x64
		Release|x86 = Release|x86
	EndGlobalSection
	GlobalSection(ProjectConfigurationPlatforms) = postSolution
		{9CBB13A0-9C77-4358-AD77-A7CAC5AAB2B4}.Debug|ARM.ActiveCfg = Debug|ARM
		{9CBB13A0-9C77-4358-AD77-A7CAC5AAB2B4}.Debug|ARM.Build.0 = Debug|ARM
		{9CBB13A0-9C77-4358-AD77-A7CAC5AAB2B4}.Debug|ARM.Deploy.0 = Debug|ARM
		{9CBB13A0-9C77-4358-AD77-A7CAC5AAB2B4}.Debug|x64.ActiveCfg = Debug|x64
		{9CBB13A0-9C77-4358-AD77-A7CAC5AAB2B4}.Debug|x64.Build.0 = Debug|x64
		{9CBB13A0-9C77-4358-AD77-A7CAC5AAB2B4}.Debug|x64.Deploy.0 = Debug|x64
		{9CBB13A0-9C77-4358-AD77-A7CAC5AAB2B4}.Debug|x86.ActiveCfg = Debug|x86
		{9CBB13A0-9C77-4358-AD77-A7CAC5AAB2B4}.Debug|x86.Build.0 = Debug|x86
		{9CBB13A0-9C77-4358-AD77-A7CAC5AAB2B4}.Debug|x86.Deploy.0 = Debug|x86
		{9CBB13A0-9C77-4358-AD77-A7CAC5AAB2B4}.Release|ARM.ActiveCfg = Release|ARM
		{9CBB13A0-9C77-4358-AD77-A7CAC5AAB2B4}.Release|ARM.Build.0 = Release|ARM
		{9CBB13A0-9C77-4358-AD77-A7CAC5AAB2B4}.Release|ARM.Deploy.0 = Release|ARM
		{9CBB13A0-9C77-4358-AD77-A7CAC5AAB2B4}.Release|x64.ActiveCfg = Release|x64
		{9CBB13A0-9C77-4358-AD77-A7CAC5AAB2B4}.Release|x64.Build.0 = Release|x64
		{9CBB13A0-9C77-4358-AD77-A7CAC5AAB2B4}.Release|x64.Deploy.0 = Release|x64
		{9CBB13A0-9C77-4358-AD77-A7CAC5AAB2B4}.Release|x86.ActiveCfg = Release|x86
		{9CBB13A0-9C77-4358-AD77-A7CAC5AAB2B4}.Release|x86.Build.0 = Release|x86
		{9CBB13A0-9C77-4358-AD77-A7CAC5AAB2B4}.Release|x86.Deploy.0 = Release|x86
	EndGlobalSection
	GlobalSection(SolutionProperties) = preSolution
		HideSolutionNode = FALSE
	EndGlobalSection
	GlobalSection(ExtensibilityGlobals) = postSolution
		SolutionGuid = {3A049D7E-097A-4E58-BFBD-7D2597E3FBBA}
	EndGlobalSection
EndGlobal
